
Microsoft Visual Studio Solution File, Format Version 12.00
# Visual Studio Version 16
VisualStudioVersion = 16.0.31729.503
MinimumVisualStudioVersion = 10.0.40219.1
Project("{FAE04EC0-301F-11D3-BF4B-00C04F79EFBC}") = "WebApp", "WebApp\WebApp.csproj", "{28204724-B23A-4A91-8183-0DD37A42C532}"
EndProject
Global
	GlobalSection(SolutionConfigurationPlatforms) = preSolution
		Debug|Any CPU = Debug|Any CPU
		Release|Any CPU = Release|Any CPU
	EndGlobalSection
	GlobalSection(ProjectConfigurationPlatforms) = postSolution
		{28204724-B23A-4A91-8183-0DD37A42C532}.Debug|Any CPU.ActiveCfg = Debug|Any CPU
		{28204724-B23A-4A91-8183-0DD37A42C532}.Debug|Any CPU.Build.0 = Debug|Any CPU
		{28204724-B23A-4A91-8183-0DD37A42C532}.Release|Any CPU.ActiveCfg = Release|Any CPU
		{28204724-B23A-4A91-8183-0DD37A42C532}.Release|Any CPU.Build.0 = Release|Any CPU
	EndGlobalSection
	GlobalSection(SolutionProperties) = preSolution
		HideSolutionNode = FALSE
	EndGlobalSection
	GlobalSection(ExtensibilityGlobals) = postSolution
		SolutionGuid = {2F3B60A9-B794-47EF-BF09-07D2A71B5921}
	EndGlobalSection
EndGlobal
